{
  "name": "evenmore",
  "lockfileVersion": 3,
  "requires": true,
  "packages": {
    "": {
      "dependencies": {
        "@quenty/attributeutils": "^8.15.0",
        "@quenty/basicpane": "^7.14.0",
        "@quenty/blend": "^6.19.0",
        "@quenty/buttonhighlightmodel": "^8.8.0",
        "@quenty/colorpalette": "^4.24.0",
        "@quenty/lipsum": "^8.23.0",
        "@quenty/loader": "^6.2.1",
        "@quenty/maid": "^2.5.0",
        "@quenty/observablecollection": "^5.17.0",
        "@quenty/rx": "^7.11.0",
        "@quenty/servicebag": "^6.7.0",
        "@quenty/signal": "^2.4.0",
        "@quenty/statestack": "^8.16.0",
        "@quenty/string": "^3.1.0",
        "@quenty/textserviceutils": "^7.21.0"
      }
    },
    "node_modules/@quenty/acceltween": {
      "version": "2.2.1",
      "resolved": "https://registry.npmjs.org/@quenty/acceltween/-/acceltween-2.2.1.tgz",
      "integrity": "sha512-6D9ga9q5XQvx05sPppooHnWuhj9nEp4dWcVPE5bST3iqFi4sDSfCg5Ya00Yvuv+69yu7c7uK08f7Z8yksYbr9A==",
      "funding": {
        "type": "patreon",
        "url": "https://www.patreon.com/quenty"
      }
    },
    "node_modules/@quenty/attributeutils": {
      "version": "8.16.0",
      "resolved": "https://registry.npmjs.org/@quenty/attributeutils/-/attributeutils-8.16.0.tgz",
      "integrity": "sha512-MjH6+fXWhfGYiKD2OWMkxcjgYK+E4jlxTwTRpzs/st84yaTiCHQqiegCv00ExH4JK1kMkNLDbnwUtVTcK9XMxA==",
      "dependencies": {
        "@quenty/brio": "^8.14.0",
        "@quenty/canceltoken": "^6.7.0",
        "@quenty/loader": "^6.2.1",
        "@quenty/maid": "^2.5.0",
        "@quenty/promise": "^6.6.0",
        "@quenty/rx": "^7.12.0",
        "@quenty/symbol": "^2.2.0"
      },
      "funding": {
        "type": "patreon",
        "url": "https://www.patreon.com/quenty"
      }
    },
    "node_modules/@quenty/baseobject": {
      "version": "6.2.1",
      "resolved": "https://registry.npmjs.org/@quenty/baseobject/-/baseobject-6.2.1.tgz",
      "integrity": "sha512-dXb+63QQBpOQJnvu/1o6ICCK0dFcMeg+sMRiJqOirUUWcpfEDKpqJKh8/8BsPX5khe4Q7TTc/DWEh2OfUe70/Q==",
      "dependencies": {
        "@quenty/loader": "^6.2.1",
        "@quenty/maid": "^2.5.0"
      },
      "funding": {
        "type": "patreon",
        "url": "https://www.patreon.com/quenty"
      }
    },
    "node_modules/@quenty/basicpane": {
      "version": "7.15.0",
      "resolved": "https://registry.npmjs.org/@quenty/basicpane/-/basicpane-7.15.0.tgz",
      "integrity": "sha512-1+qtqlF0dfDfTTsCCP4Cwh8/WP6y8u/PZts5MvuYqL//YTw8OZSGxMdLip59A9d16hT0g8JN3+ztoOKQMfiDAQ==",
      "dependencies": {
        "@quenty/brio": "^8.14.0",
        "@quenty/loader": "^6.2.1",
        "@quenty/maid": "^2.5.0",
        "@quenty/rx": "^7.12.0",
        "@quenty/signal": "^2.4.0"
      },
      "funding": {
        "type": "patreon",
        "url": "https://www.patreon.com/quenty"
      }
    },
    "node_modules/@quenty/blend": {
      "version": "6.20.0",
      "resolved": "https://registry.npmjs.org/@quenty/blend/-/blend-6.20.0.tgz",
      "integrity": "sha512-CfLfSSzv7rw+s/nd5Z8yf3iuXOaePxNK7+0nZZPgfVSLEAuTxzjVTx1MVGONuouvG8VuPDHcM9hn05YVKLDOBQ==",
      "dependencies": {
        "@quenty/acceltween": "^2.2.1",
        "@quenty/brio": "^8.14.0",
        "@quenty/instanceutils": "^7.15.0",
        "@quenty/loader": "^6.2.1",
        "@quenty/maid": "^2.5.0",
        "@quenty/promise": "^6.6.0",
        "@quenty/rx": "^7.12.0",
        "@quenty/signal": "^2.4.0",
        "@quenty/spring": "^6.3.0",
        "@quenty/steputils": "^3.2.0",
        "@quenty/string": "^3.1.0",
        "@quenty/valuebaseutils": "^7.15.0",
        "@quenty/valueobject": "^7.16.0"
      },
      "funding": {
        "type": "patreon",
        "url": "https://www.patreon.com/quenty"
      }
    },
    "node_modules/@quenty/brio": {
      "version": "8.14.0",
      "resolved": "https://registry.npmjs.org/@quenty/brio/-/brio-8.14.0.tgz",
      "integrity": "sha512-kxRD0XXPR99beW+4mwEGbNSSMl/E9TbNyY5sfcuT7lVmuvZeZoFAXmCYG547bnHKZuEjfO541cxTe4Xm86Us+w==",
      "dependencies": {
        "@quenty/loader": "^6.2.1",
        "@quenty/maid": "^2.5.0",
        "@quenty/rx": "^7.12.0"
      },
      "funding": {
        "type": "patreon",
        "url": "https://www.patreon.com/quenty"
      }
    },
    "node_modules/@quenty/buttonhighlightmodel": {
      "version": "8.8.0",
      "resolved": "https://registry.npmjs.org/@quenty/buttonhighlightmodel/-/buttonhighlightmodel-8.8.0.tgz",
      "integrity": "sha512-0t1IsuUwxdJfbpppGXhJWbELZYUMNCdPAVDiDFw4QEJUdWCgDqw9PNb2Vm+9+ED1ZnPfN7yRDswvONcivgql7g==",
      "dependencies": {
        "@quenty/acceltween": "^2.2.1",
        "@quenty/baseobject": "^6.2.1",
        "@quenty/blend": "^6.20.0",
        "@quenty/loader": "^6.2.1",
        "@quenty/maid": "^2.5.0",
        "@quenty/rx": "^7.12.0",
        "@quenty/steputils": "^3.2.0",
        "@quenty/valueobject": "^7.16.0"
      },
      "funding": {
        "type": "patreon",
        "url": "https://www.patreon.com/quenty"
      }
    },
    "node_modules/@quenty/cancellabledelay": {
      "version": "3.4.0",
      "resolved": "https://registry.npmjs.org/@quenty/cancellabledelay/-/cancellabledelay-3.4.0.tgz",
      "integrity": "sha512-rDznDAhRVejUWXTXn/kdz+OqNNMdI4ZhWWrqFofmbl1Vtf28H52YM7H8yKzI/gzMACZzIjbyTzgYAzdxnVyhQQ==",
      "funding": {
        "type": "patreon",
        "url": "https://www.patreon.com/quenty"
      }
    },
    "node_modules/@quenty/canceltoken": {
      "version": "6.7.0",
      "resolved": "https://registry.npmjs.org/@quenty/canceltoken/-/canceltoken-6.7.0.tgz",
      "integrity": "sha512-8X3Hnw5gcifOy4CfC+bBzvtdoqJ8jXB8m6PO9JReBFnNb9CX2Yv+To2RmYBHL3rjTv6a2VFr3qJRJH+NvqqJCw==",
      "dependencies": {
        "@quenty/loader": "^6.2.1",
        "@quenty/promise": "^6.6.0",
        "@quenty/signal": "^2.4.0"
      },
      "funding": {
        "type": "patreon",
        "url": "https://www.patreon.com/quenty"
      }
    },
    "node_modules/@quenty/color3utils": {
      "version": "5.21.0",
      "resolved": "https://registry.npmjs.org/@quenty/color3utils/-/color3utils-5.21.0.tgz",
      "integrity": "sha512-4DJTnz58AEt1NxPTdrrt5uquWqhbMIRCGko+Lzchp+mrZVI0MmcJ4kt2Sg4xfoMpq9S6owVzii+oZqik8RW1Fg==",
      "dependencies": {
        "@quenty/blend": "^6.20.0",
        "@quenty/loader": "^6.2.1",
        "@quenty/math": "^2.4.0",
        "@quenty/rx": "^7.12.0",
        "@quenty/valueobject": "^7.16.0"
      },
      "funding": {
        "type": "patreon",
        "url": "https://www.patreon.com/quenty"
      }
    },
    "node_modules/@quenty/colorpalette": {
      "version": "4.25.0",
      "resolved": "https://registry.npmjs.org/@quenty/colorpalette/-/colorpalette-4.25.0.tgz",
      "integrity": "sha512-n2CQ74B5I+/Xa5wPgUymB5C4os6lFlb370HZKaec83hawXSQP13T7tt3Z5YOrgPPuWTPKZvNvBZLd/Ds/EJXkA==",
      "dependencies": {
        "@quenty/baseobject": "^6.2.1",
        "@quenty/blend": "^6.20.0",
        "@quenty/color3utils": "^5.21.0",
        "@quenty/colorpicker": "^4.22.0",
        "@quenty/loader": "^6.2.1",
        "@quenty/maid": "^2.5.0",
        "@quenty/math": "^2.4.0",
        "@quenty/rx": "^7.12.0",
        "@quenty/signal": "^2.4.0",
        "@quenty/table": "^3.2.0",
        "@quenty/valueobject": "^7.16.0"
      },
      "funding": {
        "type": "patreon",
        "url": "https://www.patreon.com/quenty"
      }
    },
    "node_modules/@quenty/colorpicker": {
      "version": "4.22.0",
      "resolved": "https://registry.npmjs.org/@quenty/colorpicker/-/colorpicker-4.22.0.tgz",
      "integrity": "sha512-P/tCHCx/P/m9iW9LDspVWXtqUcK2adEZB3l13/uCNwEkcZCvhEtI7nY8C1k+NWbD5OI4x4FMsenLGM3vw9XmLw==",
      "dependencies": {
        "@quenty/baseobject": "^6.2.1",
        "@quenty/basicpane": "^7.15.0",
        "@quenty/blend": "^6.20.0",
        "@quenty/color3utils": "^5.21.0",
        "@quenty/inputobjectutils": "^4.1.0",
        "@quenty/instanceutils": "^7.15.0",
        "@quenty/loader": "^6.2.1",
        "@quenty/maid": "^2.5.0",
        "@quenty/math": "^2.4.0",
        "@quenty/valueobject": "^7.16.0"
      },
      "funding": {
        "type": "patreon",
        "url": "https://www.patreon.com/quenty"
      }
    },
    "node_modules/@quenty/deferred": {
      "version": "2.1.0",
      "resolved": "https://registry.npmjs.org/@quenty/deferred/-/deferred-2.1.0.tgz",
      "integrity": "sha512-8EAdnGtdCyDufQ1cA2Nlw6jtU+MS8PeiR4401tddJfOsZmP7SPq/yZ01r67Z7QEiQ1S/EBAHQE9kICkhwapVwA==",
      "funding": {
        "type": "patreon",
        "url": "https://www.patreon.com/quenty"
      }
    },
    "node_modules/@quenty/inputobjectutils": {
      "version": "4.1.0",
      "resolved": "https://registry.npmjs.org/@quenty/inputobjectutils/-/inputobjectutils-4.1.0.tgz",
      "integrity": "sha512-msxQlpw9AbSNq3dBwLaB0H+v86S0FapG4Liblk8scn9A7V5icOSsgcJi4gsiMfBI6zUsAofNAffxyypbKhWdqw==",
      "funding": {
        "type": "patreon",
        "url": "https://www.patreon.com/quenty"
      }
    },
    "node_modules/@quenty/instanceutils": {
      "version": "7.15.0",
      "resolved": "https://registry.npmjs.org/@quenty/instanceutils/-/instanceutils-7.15.0.tgz",
      "integrity": "sha512-hospAHkQTXYzHe8hLiPDUzgPYMfIWJ5edYkZGChsZi7ppV/0FNnWzHauN838vTE2Ha66bHYNj/wnUzL1E0tjZA==",
      "dependencies": {
        "@quenty/brio": "^8.14.0",
        "@quenty/loader": "^6.2.1",
        "@quenty/maid": "^2.5.0",
        "@quenty/rx": "^7.12.0",
        "@quenty/symbol": "^2.2.0"
      },
      "funding": {
        "type": "patreon",
        "url": "https://www.patreon.com/quenty"
      }
    },
    "node_modules/@quenty/lipsum": {
      "version": "8.24.0",
      "resolved": "https://registry.npmjs.org/@quenty/lipsum/-/lipsum-8.24.0.tgz",
      "integrity": "sha512-gJzr0QvMR2GsnqV6F1J1RBuqeVzOGRZuZNBslZTqOLTedTq/BDcGPXSGitAKfkUi+AJX2K84GihLiKJb1MtRrQ==",
      "dependencies": {
        "@quenty/loader": "^6.2.1",
        "@quenty/randomutils": "^2.2.0",
        "@quenty/string": "^3.1.0"
      },
      "funding": {
        "type": "patreon",
        "url": "https://www.patreon.com/quenty"
      }
    },
    "node_modules/@quenty/loader": {
      "version": "6.2.1",
      "resolved": "https://registry.npmjs.org/@quenty/loader/-/loader-6.2.1.tgz",
      "integrity": "sha512-kNnICHT0r8lgj6G6ufgb3fDRxAdCTWVp3FJKFADvKAHkTL/QdDuv2eG9/7TFLdZgF7Sm0ZeCaf36/sYbi3HfOg==",
      "funding": {
        "type": "patreon",
        "url": "https://www.patreon.com/quenty"
      }
    },
    "node_modules/@quenty/maid": {
      "version": "2.5.0",
      "resolved": "https://registry.npmjs.org/@quenty/maid/-/maid-2.5.0.tgz",
      "integrity": "sha512-lMNa5M1YEUnsPSo4brnyAtv0UZHbdSF2z5FAekBMjQutMaV0hrYGOjTqUZX58hQWhDH5Gg8FxAT75pR+UeYqLw==",
      "funding": {
        "type": "patreon",
        "url": "https://www.patreon.com/quenty"
      }
    },
    "node_modules/@quenty/math": {
      "version": "2.4.0",
      "resolved": "https://registry.npmjs.org/@quenty/math/-/math-2.4.0.tgz",
      "integrity": "sha512-k15mRy7fGdskrmpJUwqND0t0jpcUCfM6xZW8uFCjfv2RQEysuFneISyYtvX7VxoYcIbQgsPcrnsMMhZFadxqLA==",
      "funding": {
        "type": "patreon",
        "url": "https://www.patreon.com/quenty"
      }
    },
    "node_modules/@quenty/observablecollection": {
      "version": "5.18.0",
      "resolved": "https://registry.npmjs.org/@quenty/observablecollection/-/observablecollection-5.18.0.tgz",
      "integrity": "sha512-7Rf28j8Gul+6xvNYWz2buB89WZSomvw/AFkqa6CBq3Wx/DLCY5oQEVYde8BgZFLYk74PBPhm+sb+yURfPeO0eQ==",
      "dependencies": {
        "@quenty/brio": "^8.14.0",
        "@quenty/loader": "^6.2.1",
        "@quenty/maid": "^2.5.0",
        "@quenty/promise": "^6.6.0",
        "@quenty/rx": "^7.12.0",
        "@quenty/signal": "^2.4.0",
        "@quenty/symbol": "^2.2.0",
        "@quenty/valueobject": "^7.16.0"
      },
      "funding": {
        "type": "patreon",
        "url": "https://www.patreon.com/quenty"
      }
    },
    "node_modules/@quenty/promise": {
      "version": "6.6.0",
      "resolved": "https://registry.npmjs.org/@quenty/promise/-/promise-6.6.0.tgz",
      "integrity": "sha512-3Wj4qWdN2/su8CWGr1vIE1rX0NUuy6SEYat2reLJKf0C0Gu4k5InGQ2kGVI5mhMoiQM+ujdvwbcv0q36luLVJg==",
      "dependencies": {
        "@quenty/deferred": "^2.1.0",
        "@quenty/loader": "^6.2.1",
        "@quenty/maid": "^2.5.0"
      },
      "funding": {
        "type": "patreon",
        "url": "https://www.patreon.com/quenty"
      }
    },
    "node_modules/@quenty/randomutils": {
      "version": "2.2.0",
      "resolved": "https://registry.npmjs.org/@quenty/randomutils/-/randomutils-2.2.0.tgz",
      "integrity": "sha512-qW7C6DX3MXUkL/PEKIWQMlx/9sb5WUQjJjvmth/nY4FxMOI42/JR9aWpiUsgGG3L3cdZ7vqzbxr2lhjvQTADxA==",
      "funding": {
        "type": "patreon",
        "url": "https://www.patreon.com/quenty"
      }
    },
    "node_modules/@quenty/rx": {
      "version": "7.12.0",
      "resolved": "https://registry.npmjs.org/@quenty/rx/-/rx-7.12.0.tgz",
      "integrity": "sha512-9kWeKMuWB1/USIFUJ6Rqf34i1N+Du1C4NJAdw6Zj1836NxYoTe5xP5TE6DNdfz6Y8pboEbb+eAYLmdaztvC7rg==",
      "dependencies": {
        "@quenty/cancellabledelay": "^3.4.0",
        "@quenty/canceltoken": "^6.7.0",
        "@quenty/loader": "^6.2.1",
        "@quenty/maid": "^2.5.0",
        "@quenty/promise": "^6.6.0",
        "@quenty/signal": "^2.4.0",
        "@quenty/symbol": "^2.2.0",
        "@quenty/table": "^3.2.0",
        "@quenty/throttle": "^6.2.1"
      },
      "funding": {
        "type": "patreon",
        "url": "https://www.patreon.com/quenty"
      }
    },
    "node_modules/@quenty/servicebag": {
      "version": "6.7.0",
      "resolved": "https://registry.npmjs.org/@quenty/servicebag/-/servicebag-6.7.0.tgz",
      "integrity": "sha512-Rsl21vlKxtriMcoajd2qG+obLh+ffJ59bkxCC3+nVxTNoXsdJcOdWQ30TUBDHTcqE2kOwJjyisz7L8Fy2e3CJA==",
      "dependencies": {
        "@quenty/baseobject": "^6.2.1",
        "@quenty/loader": "^6.2.1",
        "@quenty/signal": "^2.4.0"
      },
      "funding": {
        "type": "patreon",
        "url": "https://www.patreon.com/quenty"
      }
    },
    "node_modules/@quenty/signal": {
      "version": "2.4.0",
      "resolved": "https://registry.npmjs.org/@quenty/signal/-/signal-2.4.0.tgz",
      "integrity": "sha512-oPPPdqHUvrgCRz6iCFeywH3u+juu/PZJ+ty1wOvZx5gy//1ZG9zq3nms55t1uZcv7kkrb8jhIdqo9ziYoz2YPA==",
      "funding": {
        "type": "patreon",
        "url": "https://www.patreon.com/quenty"
      }
    },
    "node_modules/@quenty/spring": {
      "version": "6.3.0",
      "resolved": "https://registry.npmjs.org/@quenty/spring/-/spring-6.3.0.tgz",
      "integrity": "sha512-EwUXj+oF/8sAN5+ktl0EtPzXn6fjSqDhhnbT7St2YorThRSeuwlXnutqe2K6qPCyp3mH8Caq+QuoM3KuisD5sg==",
      "dependencies": {
        "@quenty/loader": "^6.2.1"
      },
      "funding": {
        "type": "patreon",
        "url": "https://www.patreon.com/quenty"
      }
    },
    "node_modules/@quenty/statestack": {
      "version": "8.16.0",
      "resolved": "https://registry.npmjs.org/@quenty/statestack/-/statestack-8.16.0.tgz",
      "integrity": "sha512-1f7Mb+s38FP94wlkwo/ogayte9XGt1FCbW0yNk6FPEc8jooZwxfBo+gZ1V0Pa2EF9CPi4sf+slcQPHpJYEzciQ==",
      "dependencies": {
        "@quenty/baseobject": "^6.2.1",
        "@quenty/brio": "^8.14.0",
        "@quenty/loader": "^6.2.1",
        "@quenty/maid": "^2.5.0",
        "@quenty/rx": "^7.12.0",
        "@quenty/valueobject": "^7.16.0"
      },
      "funding": {
        "type": "patreon",
        "url": "https://www.patreon.com/quenty"
      }
    },
    "node_modules/@quenty/steputils": {
      "version": "3.2.0",
      "resolved": "https://registry.npmjs.org/@quenty/steputils/-/steputils-3.2.0.tgz",
      "integrity": "sha512-HtorpJP63CRoNutfXMIEY5+rA1s0m/fKYWcmRVuqxVj7vhPPxSCL1zsV4sZTZVFHIcVj7sfeeGx7GwvYpT5siQ==",
      "funding": {
        "type": "patreon",
        "url": "https://www.patreon.com/quenty"
      }
    },
    "node_modules/@quenty/string": {
      "version": "3.1.0",
      "resolved": "https://registry.npmjs.org/@quenty/string/-/string-3.1.0.tgz",
      "integrity": "sha512-KhRlGAUsZa0aYgzH4nwMIWAkNHolFu5YN+d+AnSRBdJA7ULzOaj9vChRE0QpdDLwE07dxVzjp14Vwefbil3QyA==",
      "funding": {
        "type": "patreon",
        "url": "https://www.patreon.com/quenty"
      }
    },
    "node_modules/@quenty/symbol": {
      "version": "2.2.0",
      "resolved": "https://registry.npmjs.org/@quenty/symbol/-/symbol-2.2.0.tgz",
      "integrity": "sha512-X7H0/gwo1Sg3d0XHBps29nJ55PN1VTtnhOtTWSe1gqNrqvQ4V7JTzMio3tkkbrmol4yX8EhZn2XUiUsRfmg5Lw==",
      "funding": {
        "type": "patreon",
        "url": "https://www.patreon.com/quenty"
      }
    },
    "node_modules/@quenty/table": {
      "version": "3.2.0",
      "resolved": "https://registry.npmjs.org/@quenty/table/-/table-3.2.0.tgz",
      "integrity": "sha512-C0MjRKXegDBnK6WX0YS0cCtIPhJOBhu78bg/6t5na7h5kuqsa0kO/zyEPsUKCbhdpX997+0PKxUaBC6gAK+vNQ==",
      "funding": {
        "type": "patreon",
        "url": "https://www.patreon.com/quenty"
      }
    },
    "node_modules/@quenty/textserviceutils": {
      "version": "7.22.0",
      "resolved": "https://registry.npmjs.org/@quenty/textserviceutils/-/textserviceutils-7.22.0.tgz",
      "integrity": "sha512-uwPAVUCkzo3r2jd8deduzTYZwDrcxptf3VriB5f3Rf1C7wvdsFRABnGwMlI2kce6ht+umRXQypE5pZqtvxJHtQ==",
      "dependencies": {
        "@quenty/blend": "^6.20.0",
        "@quenty/loader": "^6.2.1",
        "@quenty/promise": "^6.6.0",
        "@quenty/rx": "^7.12.0"
      },
      "funding": {
        "type": "patreon",
        "url": "https://www.patreon.com/quenty"
      }
    },
    "node_modules/@quenty/throttle": {
      "version": "6.2.1",
      "resolved": "https://registry.npmjs.org/@quenty/throttle/-/throttle-6.2.1.tgz",
      "integrity": "sha512-WtTjTl9icaeDxXqA6hUrXSRfUZj7n4LMyn/VHW4g5kinZJrRDoOm8shqG+WLNOV3OAqg7OOlXtC7a3uKQBeRcQ==",
      "dependencies": {
        "@quenty/loader": "^6.2.1"
      },
      "funding": {
        "type": "patreon",
        "url": "https://www.patreon.com/quenty"
      }
    },
    "node_modules/@quenty/valuebaseutils": {
      "version": "7.15.0",
      "resolved": "https://registry.npmjs.org/@quenty/valuebaseutils/-/valuebaseutils-7.15.0.tgz",
      "integrity": "sha512-dFmoS70MPhvvQjLwZe7R7GW54aTFimEyM981oGW9ETt9vy1jc8vHK+BDcv6vGZB9Le8NKWyJHwhGc57Y5oJH1w==",
      "dependencies": {
        "@quenty/brio": "^8.14.0",
        "@quenty/instanceutils": "^7.15.0",
        "@quenty/loader": "^6.2.1",
        "@quenty/promise": "^6.6.0"
      },
      "funding": {
        "type": "patreon",
        "url": "https://www.patreon.com/quenty"
      }
    },
    "node_modules/@quenty/valueobject": {
      "version": "7.16.0",
      "resolved": "https://registry.npmjs.org/@quenty/valueobject/-/valueobject-7.16.0.tgz",
      "integrity": "sha512-WQ4JWPFsp8osE7puGdOqGO9JbLEpWmqU4NfSChVEuKhIirNszR/syYGLVin+C+Qd3DSMNNcgLVWj6UnhQA0V2w==",
      "dependencies": {
        "@quenty/brio": "^8.14.0",
        "@quenty/loader": "^6.2.1",
        "@quenty/maid": "^2.5.0",
        "@quenty/rx": "^7.12.0",
        "@quenty/signal": "^2.4.0",
        "@quenty/valuebaseutils": "^7.15.0"
      },
      "funding": {
        "type": "patreon",
        "url": "https://www.patreon.com/quenty"
      }
    }
  }
}
